// !$*UTF8*$!
{
	archiveVersion = 1;
	classes = {
	};
	objectVersion = 56;
	objects = {

/* Begin PBXBuildFile section */
		3F1CA256294B076600577F50 /* AppDelegate.swift in Sources */ = {isa = PBXBuildFile; fileRef = 3F1CA255294B076600577F50 /* AppDelegate.swift */; };
		3F1CA258294B076600577F50 /* SceneDelegate.swift in Sources */ = {isa = PBXBuildFile; fileRef = 3F1CA257294B076600577F50 /* SceneDelegate.swift */; };
		3F1CA25A294B076600577F50 /* ViewController.swift in Sources */ = {isa = PBXBuildFile; fileRef = 3F1CA259294B076600577F50 /* ViewController.swift */; };
		3F1CA25D294B076600577F50 /* Main.storyboard in Resources */ = {isa = PBXBuildFile; fileRef = 3F1CA25B294B076600577F50 /* Main.storyboard */; };
		3F1CA25F294B076800577F50 /* Assets.xcassets in Resources */ = {isa = PBXBuildFile; fileRef = 3F1CA25E294B076800577F50 /* Assets.xcassets */; };
		3F1CA262294B076800577F50 /* LaunchScreen.storyboard in Resources */ = {isa = PBXBuildFile; fileRef = 3F1CA260294B076800577F50 /* LaunchScreen.storyboard */; };
		3F1CA26D294B076900577F50 /* My_DiaryTests.swift in Sources */ = {isa = PBXBuildFile; fileRef = 3F1CA26C294B076900577F50 /* My_DiaryTests.swift */; };
		3F1CA277294B076900577F50 /* My_DiaryUITests.swift in Sources */ = {isa = PBXBuildFile; fileRef = 3F1CA276294B076900577F50 /* My_DiaryUITests.swift */; };
		3F1CA279294B076900577F50 /* My_DiaryUITestsLaunchTests.swift in Sources */ = {isa = PBXBuildFile; fileRef = 3F1CA278294B076900577F50 /* My_DiaryUITestsLaunchTests.swift */; };
		3F1CA289294B0A3700577F50 /* model.swift in Sources */ = {isa = PBXBuildFile; fileRef = 3F1CA288294B0A3700577F50 /* model.swift */; };
		3FE2486B294B286D007500DB /* MyAccount.storyboard in Resources */ = {isa = PBXBuildFile; fileRef = 3FE2486A294B286D007500DB /* MyAccount.storyboard */; };
		3FE2486D294B2CC3007500DB /* MyAccountViewController.swift in Sources */ = {isa = PBXBuildFile; fileRef = 3FE2486C294B2CC3007500DB /* MyAccountViewController.swift */; };
		E46D1EEF294B679C0017405A /* AddEdit.storyboard in Resources */ = {isa = PBXBuildFile; fileRef = E46D1EEE294B679C0017405A /* AddEdit.storyboard */; };
/* End PBXBuildFile section */

/* Begin PBXContainerItemProxy section */
		3F1CA269294B076900577F50 /* PBXContainerItemProxy */ = {
			isa = PBXContainerItemProxy;
			containerPortal = 3F1CA24A294B076600577F50 /* Project object */;
			proxyType = 1;
			remoteGlobalIDString = 3F1CA251294B076600577F50;
			remoteInfo = "My Diary";
		};
		3F1CA273294B076900577F50 /* PBXContainerItemProxy */ = {
			isa = PBXContainerItemProxy;
			containerPortal = 3F1CA24A294B076600577F50 /* Project object */;
			proxyType = 1;
			remoteGlobalIDString = 3F1CA251294B076600577F50;
			remoteInfo = "My Diary";
		};
/* End PBXContainerItemProxy section */

/* Begin PBXFileReference section */
		3F1CA252294B076600577F50 /* My Diary.app */ = {isa = PBXFileReference; explicitFileType = wrapper.application; includeInIndex = 0; path = "My Diary.app"; sourceTree = BUILT_PRODUCTS_DIR; };
		3F1CA255294B076600577F50 /* AppDelegate.swift */ = {isa = PBXFileReference; lastKnownFileType = sourcecode.swift; path = AppDelegate.swift; sourceTree = "<group>"; };
		3F1CA257294B076600577F50 /* SceneDelegate.swift */ = {isa = PBXFileReference; lastKnownFileType = sourcecode.swift; path = SceneDelegate.swift; sourceTree = "<group>"; };
		3F1CA259294B076600577F50 /* ViewController.swift */ = {isa = PBXFileReference; lastKnownFileType = sourcecode.swift; path = ViewController.swift; sourceTree = "<group>"; };
		3F1CA25C294B076600577F50 /* Base */ = {isa = PBXFileReference; lastKnownFileType = file.storyboard; name = Base; path = Base.lproj/Main.storyboard; sourceTree = "<group>"; };
		3F1CA25E294B076800577F50 /* Assets.xcassets */ = {isa = PBXFileReference; lastKnownFileType = folder.assetcatalog; path = Assets.xcassets; sourceTree = "<group>"; };
		3F1CA261294B076800577F50 /* Base */ = {isa = PBXFileReference; lastKnownFileType = file.storyboard; name = Base; path = Base.lproj/LaunchScreen.storyboard; sourceTree = "<group>"; };
		3F1CA263294B076800577F50 /* Info.plist */ = {isa = PBXFileReference; lastKnownFileType = text.plist.xml; path = Info.plist; sourceTree = "<group>"; };
		3F1CA268294B076900577F50 /* My DiaryTests.xctest */ = {isa = PBXFileReference; explicitFileType = wrapper.cfbundle; includeInIndex = 0; path = "My DiaryTests.xctest"; sourceTree = BUILT_PRODUCTS_DIR; };
		3F1CA26C294B076900577F50 /* My_DiaryTests.swift */ = {isa = PBXFileReference; lastKnownFileType = sourcecode.swift; path = My_DiaryTests.swift; sourceTree = "<group>"; };
		3F1CA272294B076900577F50 /* My DiaryUITests.xctest */ = {isa = PBXFileReference; explicitFileType = wrapper.cfbundle; includeInIndex = 0; path = "My DiaryUITests.xctest"; sourceTree = BUILT_PRODUCTS_DIR; };
		3F1CA276294B076900577F50 /* My_DiaryUITests.swift */ = {isa = PBXFileReference; lastKnownFileType = sourcecode.swift; path = My_DiaryUITests.swift; sourceTree = "<group>"; };
		3F1CA278294B076900577F50 /* My_DiaryUITestsLaunchTests.swift */ = {isa = PBXFileReference; lastKnownFileType = sourcecode.swift; path = My_DiaryUITestsLaunchTests.swift; sourceTree = "<group>"; };
		3F1CA288294B0A3700577F50 /* model.swift */ = {isa = PBXFileReference; lastKnownFileType = sourcecode.swift; path = model.swift; sourceTree = "<group>"; };
		3FE2486A294B286D007500DB /* MyAccount.storyboard */ = {isa = PBXFileReference; lastKnownFileType = file.storyboard; path = MyAccount.storyboard; sourceTree = "<group>"; };
		3FE2486C294B2CC3007500DB /* MyAccountViewController.swift */ = {isa = PBXFileReference; lastKnownFileType = sourcecode.swift; path = MyAccountViewController.swift; sourceTree = "<group>"; };
		E46D1EEE294B679C0017405A /* AddEdit.storyboard */ = {isa = PBXFileReference; lastKnownFileType = file.storyboard; path = AddEdit.storyboard; sourceTree = "<group>"; };
/* End PBXFileReference section */

/* Begin PBXFrameworksBuildPhase section */
		3F1CA24F294B076600577F50 /* Frameworks */ = {
			isa = PBXFrameworksBuildPhase;
			buildActionMask = 2147483647;
			files = (
			);
			runOnlyForDeploymentPostprocessing = 0;
		};
		3F1CA265294B076900577F50 /* Frameworks */ = {
			isa = PBXFrameworksBuildPhase;
			buildActionMask = 2147483647;
			files = (
			);
			runOnlyForDeploymentPostprocessing = 0;
		};
		3F1CA26F294B076900577F50 /* Frameworks */ = {
			isa = PBXFrameworksBuildPhase;
			buildActionMask = 2147483647;
			files = (
			);
			runOnlyForDeploymentPostprocessing = 0;
		};
/* End PBXFrameworksBuildPhase section */

/* Begin PBXGroup section */
		3F1CA249294B076600577F50 = {
			isa = PBXGroup;
			children = (
				3F1CA254294B076600577F50 /* My Diary */,
				3F1CA26B294B076900577F50 /* My DiaryTests */,
				3F1CA275294B076900577F50 /* My DiaryUITests */,
				3F1CA253294B076600577F50 /* Products */,
			);
			sourceTree = "<group>";
		};
		3F1CA253294B076600577F50 /* Products */ = {
			isa = PBXGroup;
			children = (
				3F1CA252294B076600577F50 /* My Diary.app */,
				3F1CA268294B076900577F50 /* My DiaryTests.xctest */,
				3F1CA272294B076900577F50 /* My DiaryUITests.xctest */,
			);
			name = Products;
			sourceTree = "<group>";
		};
		3F1CA254294B076600577F50 /* My Diary */ = {
			isa = PBXGroup;
			children = (
				3F1CA287294B07AE00577F50 /* Model */,
				3F1CA286294B079C00577F50 /* Controller */,
				3F1CA285294B078E00577F50 /* View */,
				3F1CA255294B076600577F50 /* AppDelegate.swift */,
				3F1CA257294B076600577F50 /* SceneDelegate.swift */,
				3F1CA25E294B076800577F50 /* Assets.xcassets */,
				3F1CA260294B076800577F50 /* LaunchScreen.storyboard */,
				3F1CA263294B076800577F50 /* Info.plist */,
			);
			path = "My Diary";
			sourceTree = "<group>";
		};
		3F1CA26B294B076900577F50 /* My DiaryTests */ = {
			isa = PBXGroup;
			children = (
				3F1CA26C294B076900577F50 /* My_DiaryTests.swift */,
			);
			path = "My DiaryTests";
			sourceTree = "<group>";
		};
		3F1CA275294B076900577F50 /* My DiaryUITests */ = {
			isa = PBXGroup;
			children = (
				3F1CA276294B076900577F50 /* My_DiaryUITests.swift */,
				3F1CA278294B076900577F50 /* My_DiaryUITestsLaunchTests.swift */,
			);
			path = "My DiaryUITests";
			sourceTree = "<group>";
		};
		3F1CA285294B078E00577F50 /* View */ = {
			isa = PBXGroup;
			children = (
				3F1CA25B294B076600577F50 /* Main.storyboard */,
				3FE2486A294B286D007500DB /* MyAccount.storyboard */,
				E46D1EEE294B679C0017405A /* AddEdit.storyboard */,
			);
			path = View;
			sourceTree = "<group>";
		};
		3F1CA286294B079C00577F50 /* Controller */ = {
			isa = PBXGroup;
			children = (
				3F1CA259294B076600577F50 /* ViewController.swift */,
				3FE2486C294B2CC3007500DB /* MyAccountViewController.swift */,
			);
			path = Controller;
			sourceTree = "<group>";
		};
		3F1CA287294B07AE00577F50 /* Model */ = {
			isa = PBXGroup;
			children = (
				3F1CA288294B0A3700577F50 /* model.swift */,
			);
			path = Model;
			sourceTree = "<group>";
		};
/* End PBXGroup section */

/* Begin PBXNativeTarget section */
		3F1CA251294B076600577F50 /* My Diary */ = {
			isa = PBXNativeTarget;
			buildConfigurationList = 3F1CA27C294B076900577F50 /* Build configuration list for PBXNativeTarget "My Diary" */;
			buildPhases = (
				3F1CA24E294B076600577F50 /* Sources */,
				3F1CA24F294B076600577F50 /* Frameworks */,
				3F1CA250294B076600577F50 /* Resources */,
			);
			buildRules = (
			);
			dependencies = (
			);
			name = "My Diary";
			productName = "My Diary";
			productReference = 3F1CA252294B076600577F50 /* My Diary.app */;
			productType = "com.apple.product-type.application";
		};
		3F1CA267294B076900577F50 /* My DiaryTests */ = {
			isa = PBXNativeTarget;
			buildConfigurationList = 3F1CA27F294B076900577F50 /* Build configuration list for PBXNativeTarget "My DiaryTests" */;
			buildPhases = (
				3F1CA264294B076900577F50 /* Sources */,
				3F1CA265294B076900577F50 /* Frameworks */,
				3F1CA266294B076900577F50 /* Resources */,
			);
			buildRules = (
			);
			dependencies = (
				3F1CA26A294B076900577F50 /* PBXTargetDependency */,
			);
			name = "My DiaryTests";
			productName = "My DiaryTests";
			productReference = 3F1CA268294B076900577F50 /* My DiaryTests.xctest */;
			productType = "com.apple.product-type.bundle.unit-test";
		};
		3F1CA271294B076900577F50 /* My DiaryUITests */ = {
			isa = PBXNativeTarget;
			buildConfigurationList = 3F1CA282294B076900577F50 /* Build configuration list for PBXNativeTarget "My DiaryUITests" */;
			buildPhases = (
				3F1CA26E294B076900577F50 /* Sources */,
				3F1CA26F294B076900577F50 /* Frameworks */,
				3F1CA270294B076900577F50 /* Resources */,
			);
			buildRules = (
			);
			dependencies = (
				3F1CA274294B076900577F50 /* PBXTargetDependency */,
			);
			name = "My DiaryUITests";
			productName = "My DiaryUITests";
			productReference = 3F1CA272294B076900577F50 /* My DiaryUITests.xctest */;
			productType = "com.apple.product-type.bundle.ui-testing";
		};
/* End PBXNativeTarget section */

/* Begin PBXProject section */
		3F1CA24A294B076600577F50 /* Project object */ = {
			isa = PBXProject;
			attributes = {
				BuildIndependentTargetsInParallel = 1;
				LastSwiftUpdateCheck = 1410;
				LastUpgradeCheck = 1410;
				TargetAttributes = {
					3F1CA251294B076600577F50 = {
						CreatedOnToolsVersion = 14.1;
					};
					3F1CA267294B076900577F50 = {
						CreatedOnToolsVersion = 14.1;
						TestTargetID = 3F1CA251294B076600577F50;
					};
					3F1CA271294B076900577F50 = {
						CreatedOnToolsVersion = 14.1;
						TestTargetID = 3F1CA251294B076600577F50;
					};
				};
			};
			buildConfigurationList = 3F1CA24D294B076600577F50 /* Build configuration list for PBXProject "My Diary" */;
			compatibilityVersion = "Xcode 14.0";
			developmentRegion = en;
			hasScannedForEncodings = 0;
			knownRegions = (
				en,
				Base,
			);
			mainGroup = 3F1CA249294B076600577F50;
			productRefGroup = 3F1CA253294B076600577F50 /* Products */;
			projectDirPath = "";
			projectRoot = "";
			targets = (
				3F1CA251294B076600577F50 /* My Diary */,
				3F1CA267294B076900577F50 /* My DiaryTests */,
				3F1CA271294B076900577F50 /* My DiaryUITests */,
			);
		};
/* End PBXProject section */

/* Begin PBXResourcesBuildPhase section */
		3F1CA250294B076600577F50 /* Resources */ = {
			isa = PBXResourcesBuildPhase;
			buildActionMask = 2147483647;
			files = (
				3F1CA262294B076800577F50 /* LaunchScreen.storyboard in Resources */,
				E46D1EEF294B679C0017405A /* AddEdit.storyboard in Resources */,
				3F1CA25F294B076800577F50 /* Assets.xcassets in Resources */,
				3FE2486B294B286D007500DB /* MyAccount.storyboard in Resources */,
				3F1CA25D294B076600577F50 /* Main.storyboard in Resources */,
			);
			runOnlyForDeploymentPostprocessing = 0;
		};
		3F1CA266294B076900577F50 /* Resources */ = {
			isa = PBXResourcesBuildPhase;
			buildActionMask = 2147483647;
			files = (
			);
			runOnlyForDeploymentPostprocessing = 0;
		};
		3F1CA270294B076900577F50 /* Resources */ = {
			isa = PBXResourcesBuildPhase;
			buildActionMask = 2147483647;
			files = (
			);
			runOnlyForDeploymentPostprocessing = 0;
		};
/* End PBXResourcesBuildPhase section */

/* Begin PBXSourcesBuildPhase section */
		3F1CA24E294B076600577F50 /* Sources */ = {
			isa = PBXSourcesBuildPhase;
			buildActionMask = 2147483647;
			files = (
				3F1CA25A294B076600577F50 /* ViewController.swift in Sources */,
				3F1CA256294B076600577F50 /* AppDelegate.swift in Sources */,
				3FE2486D294B2CC3007500DB /* MyAccountViewController.swift in Sources */,
				3F1CA258294B076600577F50 /* SceneDelegate.swift in Sources */,
				3F1CA289294B0A3700577F50 /* model.swift in Sources */,
			);
			runOnlyForDeploymentPostprocessing = 0;
		};
		3F1CA264294B076900577F50 /* Sources */ = {
			isa = PBXSourcesBuildPhase;
			buildActionMask = 2147483647;
			files = (
				3F1CA26D294B076900577F50 /* My_DiaryTests.swift in Sources */,
			);
			runOnlyForDeploymentPostprocessing = 0;
		};
		3F1CA26E294B076900577F50 /* Sources */ = {
			isa = PBXSourcesBuildPhase;
			buildActionMask = 2147483647;
			files = (
				3F1CA279294B076900577F50 /* My_DiaryUITestsLaunchTests.swift in Sources */,
				3F1CA277294B076900577F50 /* My_DiaryUITests.swift in Sources */,
			);
			runOnlyForDeploymentPostprocessing = 0;
		};
/* End PBXSourcesBuildPhase section */

/* Begin PBXTargetDependency section */
		3F1CA26A294B076900577F50 /* PBXTargetDependency */ = {
			isa = PBXTargetDependency;
			target = 3F1CA251294B076600577F50 /* My Diary */;
			targetProxy = 3F1CA269294B076900577F50 /* PBXContainerItemProxy */;
		};
		3F1CA274294B076900577F50 /* PBXTargetDependency */ = {
			isa = PBXTargetDependency;
			target = 3F1CA251294B076600577F50 /* My Diary */;
			targetProxy = 3F1CA273294B076900577F50 /* PBXContainerItemProxy */;
		};
/* End PBXTargetDependency section */

/* Begin PBXVariantGroup section */
		3F1CA25B294B076600577F50 /* Main.storyboard */ = {
			isa = PBXVariantGroup;
			children = (
				3F1CA25C294B076600577F50 /* Base */,
			);
			name = Main.storyboard;
			sourceTree = "<group>";
		};
		3F1CA260294B076800577F50 /* LaunchScreen.storyboard */ = {
			isa = PBXVariantGroup;
			children = (
				3F1CA261294B076800577F50 /* Base */,
			);
			name = LaunchScreen.storyboard;
			sourceTree = "<group>";
		};
/* End PBXVariantGroup section */

/* Begin XCBuildConfiguration section */
		3F1CA27A294B076900577F50 /* Debug */ = {
			isa = XCBuildConfiguration;
			buildSettings = {
				ALWAYS_SEARCH_USER_PATHS = NO;
				CLANG_ANALYZER_NONNULL = YES;
				CLANG_ANALYZER_NUMBER_OBJECT_CONVERSION = YES_AGGRESSIVE;
				CLANG_CXX_LANGUAGE_STANDARD = "gnu++20";
				CLANG_ENABLE_MODULES = YES;
				CLANG_ENABLE_OBJC_ARC = YES;
				CLANG_ENABLE_OBJC_WEAK = YES;
				CLANG_WARN_BLOCK_CAPTURE_AUTORELEASING = YES;
				CLANG_WARN_BOOL_CONVERSION = YES;
				CLANG_WARN_COMMA = YES;
				CLANG_WARN_CONSTANT_CONVERSION = YES;
				CLANG_WARN_DEPRECATED_OBJC_IMPLEMENTATIONS = YES;
				CLANG_WARN_DIRECT_OBJC_ISA_USAGE = YES_ERROR;
				CLANG_WARN_DOCUMENTATION_COMMENTS = YES;
				CLANG_WARN_EMPTY_BODY = YES;
				CLANG_WARN_ENUM_CONVERSION = YES;
				CLANG_WARN_INFINITE_RECURSION = YES;
				CLANG_WARN_INT_CONVERSION = YES;
				CLANG_WARN_NON_LITERAL_NULL_CONVERSION = YES;
				CLANG_WARN_OBJC_IMPLICIT_RETAIN_SELF = YES;
				CLANG_WARN_OBJC_LITERAL_CONVERSION = YES;
				CLANG_WARN_OBJC_ROOT_CLASS = YES_ERROR;
				CLANG_WARN_QUOTED_INCLUDE_IN_FRAMEWORK_HEADER = YES;
				CLANG_WARN_RANGE_LOOP_ANALYSIS = YES;
				CLANG_WARN_STRICT_PROTOTYPES = YES;
				CLANG_WARN_SUSPICIOUS_MOVE = YES;
				CLANG_WARN_UNGUARDED_AVAILABILITY = YES_AGGRESSIVE;
				CLANG_WARN_UNREACHABLE_CODE = YES;
				CLANG_WARN__DUPLICATE_METHOD_MATCH = YES;
				COPY_PHASE_STRIP = NO;
				DEBUG_INFORMATION_FORMAT = dwarf;
				ENABLE_STRICT_OBJC_MSGSEND = YES;
				ENABLE_TESTABILITY = YES;
				GCC_C_LANGUAGE_STANDARD = gnu11;
				GCC_DYNAMIC_NO_PIC = NO;
				GCC_NO_COMMON_BLOCKS = YES;
				GCC_OPTIMIZATION_LEVEL = 0;
				GCC_PREPROCESSOR_DEFINITIONS = (
					"DEBUG=1",
					"$(inherited)",
				);
				GCC_WARN_64_TO_32_BIT_CONVERSION = YES;
				GCC_WARN_ABOUT_RETURN_TYPE = YES_ERROR;
				GCC_WARN_UNDECLARED_SELECTOR = YES;
				GCC_WARN_UNINITIALIZED_AUTOS = YES_AGGRESSIVE;
				GCC_WARN_UNUSED_FUNCTION = YES;
				GCC_WARN_UNUSED_VARIABLE = YES;
				IPHONEOS_DEPLOYMENT_TARGET = 16.1;
				MTL_ENABLE_DEBUG_INFO = INCLUDE_SOURCE;
				MTL_FAST_MATH = YES;
				ONLY_ACTIVE_ARCH = YES;
				SDKROOT = iphoneos;
				SWIFT_ACTIVE_COMPILATION_CONDITIONS = DEBUG;
				SWIFT_OPTIMIZATION_LEVEL = "-Onone";
			};
			name = Debug;
		};
		3F1CA27B294B076900577F50 /* Release */ = {
			isa = XCBuildConfiguration;
			buildSettings = {
				ALWAYS_SEARCH_USER_PATHS = NO;
				CLANG_ANALYZER_NONNULL = YES;
				CLANG_ANALYZER_NUMBER_OBJECT_CONVERSION = YES_AGGRESSIVE;
				CLANG_CXX_LANGUAGE_STANDARD = "gnu++20";
				CLANG_ENABLE_MODULES = YES;
				CLANG_ENABLE_OBJC_ARC = YES;
				CLANG_ENABLE_OBJC_WEAK = YES;
				CLANG_WARN_BLOCK_CAPTURE_AUTORELEASING = YES;
				CLANG_WARN_BOOL_CONVERSION = YES;
				CLANG_WARN_COMMA = YES;
				CLANG_WARN_CONSTANT_CONVERSION = YES;
				CLANG_WARN_DEPRECATED_OBJC_IMPLEMENTATIONS = YES;
				CLANG_WARN_DIRECT_OBJC_ISA_USAGE = YES_ERROR;
				CLANG_WARN_DOCUMENTATION_COMMENTS = YES;
				CLANG_WARN_EMPTY_BODY = YES;
				CLANG_WARN_ENUM_CONVERSION = YES;
				CLANG_WARN_INFINITE_RECURSION = YES;
				CLANG_WARN_INT_CONVERSION = YES;
				CLANG_WARN_NON_LITERAL_NULL_CONVERSION = YES;
				CLANG_WARN_OBJC_IMPLICIT_RETAIN_SELF = YES;
				CLANG_WARN_OBJC_LITERAL_CONVERSION = YES;
				CLANG_WARN_OBJC_ROOT_CLASS = YES_ERROR;
				CLANG_WARN_QUOTED_INCLUDE_IN_FRAMEWORK_HEADER = YES;
				CLANG_WARN_RANGE_LOOP_ANALYSIS = YES;
				CLANG_WARN_STRICT_PROTOTYPES = YES;
				CLANG_WARN_SUSPICIOUS_MOVE = YES;
				CLANG_WARN_UNGUARDED_AVAILABILITY = YES_AGGRESSIVE;
				CLANG_WARN_UNREACHABLE_CODE = YES;
				CLANG_WARN__DUPLICATE_METHOD_MATCH = YES;
				COPY_PHASE_STRIP = NO;
				DEBUG_INFORMATION_FORMAT = "dwarf-with-dsym";
				ENABLE_NS_ASSERTIONS = NO;
				ENABLE_STRICT_OBJC_MSGSEND = YES;
				GCC_C_LANGUAGE_STANDARD = gnu11;
				GCC_NO_COMMON_BLOCKS = YES;
				GCC_WARN_64_TO_32_BIT_CONVERSION = YES;
				GCC_WARN_ABOUT_RETURN_TYPE = YES_ERROR;
				GCC_WARN_UNDECLARED_SELECTOR = YES;
				GCC_WARN_UNINITIALIZED_AUTOS = YES_AGGRESSIVE;
				GCC_WARN_UNUSED_FUNCTION = YES;
				GCC_WARN_UNUSED_VARIABLE = YES;
				IPHONEOS_DEPLOYMENT_TARGET = 16.1;
				MTL_ENABLE_DEBUG_INFO = NO;
				MTL_FAST_MATH = YES;
				SDKROOT = iphoneos;
				SWIFT_COMPILATION_MODE = wholemodule;
				SWIFT_OPTIMIZATION_LEVEL = "-O";
				VALIDATE_PRODUCT = YES;
			};
			name = Release;
		};
		3F1CA27D294B076900577F50 /* Debug */ = {
			isa = XCBuildConfiguration;
			buildSettings = {
				ASSETCATALOG_COMPILER_APPICON_NAME = AppIcon;
				ASSETCATALOG_COMPILER_GLOBAL_ACCENT_COLOR_NAME = AccentColor;
				CODE_SIGN_STYLE = Automatic;
				CURRENT_PROJECT_VERSION = 1;
				GENERATE_INFOPLIST_FILE = YES;
				INFOPLIST_FILE = "My Diary/Info.plist";
				INFOPLIST_KEY_UIApplicationSupportsIndirectInputEvents = YES;
				INFOPLIST_KEY_UILaunchStoryboardName = LaunchScreen;
				INFOPLIST_KEY_UIMainStoryboardFile = Main;
				INFOPLIST_KEY_UISupportedInterfaceOrientations_iPad = "UIInterfaceOrientationPortrait UIInterfaceOrientationPortraitUpsideDown UIInterfaceOrientationLandscapeLeft UIInterfaceOrientationLandscapeRight";
				INFOPLIST_KEY_UISupportedInterfaceOrientations_iPhone = "UIInterfaceOrientationPortrait UIInterfaceOrientationLandscapeLeft UIInterfaceOrientationLandscapeRight";
				LD_RUNPATH_SEARCH_PATHS = (
					"$(inherited)",
					"@executable_path/Frameworks",
				);
				MARKETING_VERSION = 1.0;
				PRODUCT_BUNDLE_IDENTIFIER = "Aamer-Essa.My-Diary";
				PRODUCT_NAME = "$(TARGET_NAME)";
				SWIFT_EMIT_LOC_STRINGS = YES;
				SWIFT_VERSION = 5.0;
				TARGETED_DEVICE_FAMILY = "1,2";
			};
			name = Debug;
		};
		3F1CA27E294B076900577F50 /* Release */ = {
			isa = XCBuildConfiguration;
			buildSettings = {
				ASSETCATALOG_COMPILER_APPICON_NAME = AppIcon;
				ASSETCATALOG_COMPILER_GLOBAL_ACCENT_COLOR_NAME = AccentColor;
				CODE_SIGN_STYLE = Automatic;
				CURRENT_PROJECT_VERSION = 1;
				GENERATE_INFOPLIST_FILE = YES;
				INFOPLIST_FILE = "My Diary/Info.plist";
				INFOPLIST_KEY_UIApplicationSupportsIndirectInputEvents = YES;
				INFOPLIST_KEY_UILaunchStoryboardName = LaunchScreen;
				INFOPLIST_KEY_UIMainStoryboardFile = Main;
				INFOPLIST_KEY_UISupportedInterfaceOrientations_iPad = "UIInterfaceOrientationPortrait UIInterfaceOrientationPortraitUpsideDown UIInterfaceOrientationLandscapeLeft UIInterfaceOrientationLandscapeRight";
				INFOPLIST_KEY_UISupportedInterfaceOrientations_iPhone = "UIInterfaceOrientationPortrait UIInterfaceOrientationLandscapeLeft UIInterfaceOrientationLandscapeRight";
				LD_RUNPATH_SEARCH_PATHS = (
					"$(inherited)",
					"@executable_path/Frameworks",
				);
				MARKETING_VERSION = 1.0;
				PRODUCT_BUNDLE_IDENTIFIER = "Aamer-Essa.My-Diary";
				PRODUCT_NAME = "$(TARGET_NAME)";
				SWIFT_EMIT_LOC_STRINGS = YES;
				SWIFT_VERSION = 5.0;
				TARGETED_DEVICE_FAMILY = "1,2";
			};
			name = Release;
		};
		3F1CA280294B076900577F50 /* Debug */ = {
			isa = XCBuildConfiguration;
			buildSettings = {
				ALWAYS_EMBED_SWIFT_STANDARD_LIBRARIES = YES;
				BUNDLE_LOADER = "$(TEST_HOST)";
				CODE_SIGN_STYLE = Automatic;
				CURRENT_PROJECT_VERSION = 1;
				GENERATE_INFOPLIST_FILE = YES;
				IPHONEOS_DEPLOYMENT_TARGET = 16.1;
				MARKETING_VERSION = 1.0;
				PRODUCT_BUNDLE_IDENTIFIER = "Aamer-Essa.My-DiaryTests";
				PRODUCT_NAME = "$(TARGET_NAME)";
				SWIFT_EMIT_LOC_STRINGS = NO;
				SWIFT_VERSION = 5.0;
				TARGETED_DEVICE_FAMILY = "1,2";
				TEST_HOST = "$(BUILT_PRODUCTS_DIR)/My Diary.app/$(BUNDLE_EXECUTABLE_FOLDER_PATH)/My Diary";
			};
			name = Debug;
		};
		3F1CA281294B076900577F50 /* Release */ = {
			isa = XCBuildConfiguration;
			buildSettings = {
				ALWAYS_EMBED_SWIFT_STANDARD_LIBRARIES = YES;
				BUNDLE_LOADER = "$(TEST_HOST)";
				CODE_SIGN_STYLE = Automatic;
				CURRENT_PROJECT_VERSION = 1;
				GENERATE_INFOPLIST_FILE = YES;
				IPHONEOS_DEPLOYMENT_TARGET = 16.1;
				MARKETING_VERSION = 1.0;
				PRODUCT_BUNDLE_IDENTIFIER = "Aamer-Essa.My-DiaryTests";
				PRODUCT_NAME = "$(TARGET_NAME)";
				SWIFT_EMIT_LOC_STRINGS = NO;
				SWIFT_VERSION = 5.0;
				TARGETED_DEVICE_FAMILY = "1,2";
				TEST_HOST = "$(BUILT_PRODUCTS_DIR)/My Diary.app/$(BUNDLE_EXECUTABLE_FOLDER_PATH)/My Diary";
			};
			name = Release;
		};
		3F1CA283294B076900577F50 /* Debug */ = {
			isa = XCBuildConfiguration;
			buildSettings = {
				ALWAYS_EMBED_SWIFT_STANDARD_LIBRARIES = YES;
				CODE_SIGN_STYLE = Automatic;
				CURRENT_PROJECT_VERSION = 1;
				GENERATE_INFOPLIST_FILE = YES;
				MARKETING_VERSION = 1.0;
				PRODUCT_BUNDLE_IDENTIFIER = "Aamer-Essa.My-DiaryUITests";
				PRODUCT_NAME = "$(TARGET_NAME)";
				SWIFT_EMIT_LOC_STRINGS = NO;
				SWIFT_VERSION = 5.0;
				TARGETED_DEVICE_FAMILY = "1,2";
				TEST_TARGET_NAME = "My Diary";
			};
			name = Debug;
		};
		3F1CA284294B076900577F50 /* Release */ = {
			isa = XCBuildConfiguration;
			buildSettings = {
				ALWAYS_EMBED_SWIFT_STANDARD_LIBRARIES = YES;
				CODE_SIGN_STYLE = Automatic;
				CURRENT_PROJECT_VERSION = 1;
				GENERATE_INFOPLIST_FILE = YES;
				MARKETING_VERSION = 1.0;
				PRODUCT_BUNDLE_IDENTIFIER = "Aamer-Essa.My-DiaryUITests";
				PRODUCT_NAME = "$(TARGET_NAME)";
				SWIFT_EMIT_LOC_STRINGS = NO;
				SWIFT_VERSION = 5.0;
				TARGETED_DEVICE_FAMILY = "1,2";
				TEST_TARGET_NAME = "My Diary";
			};
			name = Release;
		};
/* End XCBuildConfiguration section */

/* Begin XCConfigurationList section */
		3F1CA24D294B076600577F50 /* Build configuration list for PBXProject "My Diary" */ = {
			isa = XCConfigurationList;
			buildConfigurations = (
				3F1CA27A294B076900577F50 /* Debug */,
				3F1CA27B294B076900577F50 /* Release */,
			);
			defaultConfigurationIsVisible = 0;
			defaultConfigurationName = Release;
		};
		3F1CA27C294B076900577F50 /* Build configuration list for PBXNativeTarget "My Diary" */ = {
			isa = XCConfigurationList;
			buildConfigurations = (
				3F1CA27D294B076900577F50 /* Debug */,
				3F1CA27E294B076900577F50 /* Release */,
			);
			defaultConfigurationIsVisible = 0;
			defaultConfigurationName = Release;
		};
		3F1CA27F294B076900577F50 /* Build configuration list for PBXNativeTarget "My DiaryTests" */ = {
			isa = XCConfigurationList;
			buildConfigurations = (
				3F1CA280294B076900577F50 /* Debug */,
				3F1CA281294B076900577F50 /* Release */,
			);
			defaultConfigurationIsVisible = 0;
			defaultConfigurationName = Release;
		};
		3F1CA282294B076900577F50 /* Build configuration list for PBXNativeTarget "My DiaryUITests" */ = {
			isa = XCConfigurationList;
			buildConfigurations = (
				3F1CA283294B076900577F50 /* Debug */,
				3F1CA284294B076900577F50 /* Release */,
			);
			defaultConfigurationIsVisible = 0;
			defaultConfigurationName = Release;
		};
/* End XCConfigurationList section */
	};
	rootObject = 3F1CA24A294B076600577F50 /* Project object */;
}
